
Microsoft Visual Studio Solution File, Format Version 12.00
# Visual Studio Version 17
VisualStudioVersion = 17.10.35027.167
MinimumVisualStudioVersion = 10.0.40219.1
Project("{FAE04EC0-301F-11D3-BF4B-00C04F79EFBC}") = "پوشک", "پوشک\پوشک.csproj", "{086C9EC1-F4EE-4FF1-8577-149F8402B9F7}"
EndProject
Global
	GlobalSection(SolutionConfigurationPlatforms) = preSolution
		Debug|Any CPU = Debug|Any CPU
		Release|Any CPU = Release|Any CPU
	EndGlobalSection
	GlobalSection(ProjectConfigurationPlatforms) = postSolution
		{086C9EC1-F4EE-4FF1-8577-149F8402B9F7}.Debug|Any CPU.ActiveCfg = Debug|Any CPU
		{086C9EC1-F4EE-4FF1-8577-149F8402B9F7}.Debug|Any CPU.Build.0 = Debug|Any CPU
		{086C9EC1-F4EE-4FF1-8577-149F8402B9F7}.Release|Any CPU.ActiveCfg = Release|Any CPU
		{086C9EC1-F4EE-4FF1-8577-149F8402B9F7}.Release|Any CPU.Build.0 = Release|Any CPU
	EndGlobalSection
	GlobalSection(SolutionProperties) = preSolution
		HideSolutionNode = FALSE
	EndGlobalSection
	GlobalSection(ExtensibilityGlobals) = postSolution
		SolutionGuid = {F85157A4-80D3-4721-ADD1-98F2BDA8775C}
	EndGlobalSection
EndGlobal
